<Solution>
  <Folder Name="/src/">
    <Project Path="src/Agent.Assortment/Agent.Assortment.csproj" />
    <Project Path="src/Agent.SupplyChain/Agent.SupplyChain.csproj" />
    <Project Path="src/AppHost/AppHost.csproj" />
    <Project Path="src/Orchestrator/Orchestrator.csproj" />
    <Project Path="src/ServiceDefaults/ServiceDefaults.csproj" />
    <Project Path="src/Shared/Shared.csproj" />
  </Folder>
</Solution>
